// !$*UTF8*$!
{
	archiveVersion = 1;
	classes = {
	};
	objectVersion = 54;
	objects = {

/* Begin PBXBuildFile section */
		00E356F31AD99517003FC87E /* lawpairTests.m in Sources */ = {isa = PBXBuildFile; fileRef = 00E356F21AD99517003FC87E /* lawpairTests.m */; };
		0C80B921A6F3F58F76C31292 /* libPods-lawpair.a in Frameworks */ = {isa = PBXBuildFile; fileRef = 5DCACB8F33CDC322A6C60F78 /* libPods-lawpair.a */; };
		13B07FBC1A68108700A75B9A /* AppDelegate.mm in Sources */ = {isa = PBXBuildFile; fileRef = 13B07FB01A68108700A75B9A /* AppDelegate.mm */; };
		13B07FBF1A68108700A75B9A /* Images.xcassets in Resources */ = {isa = PBXBuildFile; fileRef = 13B07FB51A68108700A75B9A /* Images.xcassets */; };
		13B07FC11A68108700A75B9A /* main.m in Sources */ = {isa = PBXBuildFile; fileRef = 13B07FB71A68108700A75B9A /* main.m */; };
		7699B88040F8A987B510C191 /* libPods-lawpair-lawpairTests.a in Frameworks */ = {isa = PBXBuildFile; fileRef = 19F6CBCC0A4E27FBF8BF4A61 /* libPods-lawpair-lawpairTests.a */; };
		81AB9BB82411601600AC10FF /* LaunchScreen.storyboard in Resources */ = {isa = PBXBuildFile; fileRef = 81AB9BB72411601600AC10FF /* LaunchScreen.storyboard */; };
		480F143019094C39B9FF22A1 /* Roboto-Black.ttf in Resources */ = {isa = PBXBuildFile; fileRef = B9C6A6A29E7F4679A321AEF7 /* Roboto-Black.ttf */; };
		EDAFABCFA1A546D6B869AFDD /* Roboto-BlackItalic.ttf in Resources */ = {isa = PBXBuildFile; fileRef = 4E1664F644BB40D491BFADAB /* Roboto-BlackItalic.ttf */; };
		93F3F9D8196B4208A40E630B /* Roboto-Bold.ttf in Resources */ = {isa = PBXBuildFile; fileRef = 8233A2438B21459D9CF960BA /* Roboto-Bold.ttf */; };
		47567E0295B849228DDBECBA /* Roboto-BoldItalic.ttf in Resources */ = {isa = PBXBuildFile; fileRef = 7B1AE62B2E7342E0831C63EE /* Roboto-BoldItalic.ttf */; };
		5B46BEE9B5954D7F80569B2A /* Roboto-ExtraBold.ttf in Resources */ = {isa = PBXBuildFile; fileRef = 50E13C5321B14AECA1AA73D9 /* Roboto-ExtraBold.ttf */; };
		849876459B0748728857A8BB /* Roboto-ExtraBoldItalic.ttf in Resources */ = {isa = PBXBuildFile; fileRef = 9ED557F176BA4F71AE0EE1A1 /* Roboto-ExtraBoldItalic.ttf */; };
		90078F9BC6AC4DB8B6A61984 /* Roboto-ExtraLight.ttf in Resources */ = {isa = PBXBuildFile; fileRef = 0B4CEB958EF64BD4BDAEBBAC /* Roboto-ExtraLight.ttf */; };
		885E0507AB7E4A6F8E12DC13 /* Roboto-ExtraLightItalic.ttf in Resources */ = {isa = PBXBuildFile; fileRef = 3A7E3C5F649D4ABBA973BAF5 /* Roboto-ExtraLightItalic.ttf */; };
		627C1A8F43E640C5AB4C0DEF /* Roboto-Italic.ttf in Resources */ = {isa = PBXBuildFile; fileRef = 2A2F91F2F8EC4C1CBA62540C /* Roboto-Italic.ttf */; };
		779B81CF5928467CA0DD0358 /* Roboto-Light.ttf in Resources */ = {isa = PBXBuildFile; fileRef = CCAC5CD3B31745E195388863 /* Roboto-Light.ttf */; };
		4D07E92D29E546F1848787AA /* Roboto-LightItalic.ttf in Resources */ = {isa = PBXBuildFile; fileRef = 3AC6846BBD4D416E8EBD24E3 /* Roboto-LightItalic.ttf */; };
		F45B8B2BBF274472A254AA6F /* Roboto-Medium.ttf in Resources */ = {isa = PBXBuildFile; fileRef = F6CEA2CA0143462E8EA9AFB9 /* Roboto-Medium.ttf */; };
		0445ED577A4240848DF7AA7A /* Roboto-MediumItalic.ttf in Resources */ = {isa = PBXBuildFile; fileRef = ABA475DEEAC3447F99CF3CB5 /* Roboto-MediumItalic.ttf */; };
		CB7A58D905484C6EA2F9C742 /* Roboto-Regular.ttf in Resources */ = {isa = PBXBuildFile; fileRef = 7687DFB612344467AA6F68E2 /* Roboto-Regular.ttf */; };
		C62A3ED45DBF4B22AB839D0A /* Roboto-SemiBold.ttf in Resources */ = {isa = PBXBuildFile; fileRef = C8C51A495CF24E1892C89E17 /* Roboto-SemiBold.ttf */; };
		89E9FA5A404149548C17EBC9 /* Roboto-SemiBoldItalic.ttf in Resources */ = {isa = PBXBuildFile; fileRef = 34D69AF6AA824248AE17EF1F /* Roboto-SemiBoldItalic.ttf */; };
		A28A3D9C43714318917C7F66 /* Roboto-Thin.ttf in Resources */ = {isa = PBXBuildFile; fileRef = 592C1223F9BA4C8A8E98FE5D /* Roboto-Thin.ttf */; };
		9D449983CF0E42C886B207B8 /* Roboto-ThinItalic.ttf in Resources */ = {isa = PBXBuildFile; fileRef = 31E68BE7DC0F477DB52ABFFF /* Roboto-ThinItalic.ttf */; };
		81B2BE50166745029C16DFC0 /* Roboto_Condensed-Black.ttf in Resources */ = {isa = PBXBuildFile; fileRef = B48D6C8FCE8F4236B2BA5530 /* Roboto_Condensed-Black.ttf */; };
		28F017DACAC04C158A3D3F54 /* Roboto_Condensed-BlackItalic.ttf in Resources */ = {isa = PBXBuildFile; fileRef = 8B7679CFB1824B9090B978EA /* Roboto_Condensed-BlackItalic.ttf */; };
		AF5E9D504099423EB27F3319 /* Roboto_Condensed-Bold.ttf in Resources */ = {isa = PBXBuildFile; fileRef = 9799450DD4D54F2F87A0C27E /* Roboto_Condensed-Bold.ttf */; };
		801DAFA22C2F40B4A04A9959 /* Roboto_Condensed-BoldItalic.ttf in Resources */ = {isa = PBXBuildFile; fileRef = 26EA62424A134511832D3367 /* Roboto_Condensed-BoldItalic.ttf */; };
		63D7BB45F43A4F338AB3DD97 /* Roboto_Condensed-ExtraBold.ttf in Resources */ = {isa = PBXBuildFile; fileRef = 46423DCE70E4418D8F57FD5D /* Roboto_Condensed-ExtraBold.ttf */; };
		2FC790FF71CF4C70863738EF /* Roboto_Condensed-ExtraBoldItalic.ttf in Resources */ = {isa = PBXBuildFile; fileRef = 022A323645714D12B81D6453 /* Roboto_Condensed-ExtraBoldItalic.ttf */; };
		87E7FAD0257C49288927B6CE /* Roboto_Condensed-ExtraLight.ttf in Resources */ = {isa = PBXBuildFile; fileRef = E30360548551439996AC886C /* Roboto_Condensed-ExtraLight.ttf */; };
		C0D9C62F68034B3194D7E8C4 /* Roboto_Condensed-ExtraLightItalic.ttf in Resources */ = {isa = PBXBuildFile; fileRef = 8881D5F34E154A21AEE66845 /* Roboto_Condensed-ExtraLightItalic.ttf */; };
		386F0F17A02E4ABFAA521A99 /* Roboto_Condensed-Italic.ttf in Resources */ = {isa = PBXBuildFile; fileRef = 4596636BBFEA41B0B1F2AC9C /* Roboto_Condensed-Italic.ttf */; };
		DFD351004BA4493F8AEC1956 /* Roboto_Condensed-Light.ttf in Resources */ = {isa = PBXBuildFile; fileRef = D7ECAC3C66774B71B850E58C /* Roboto_Condensed-Light.ttf */; };
		563FB2A0F3F3493EB659B3A0 /* Roboto_Condensed-LightItalic.ttf in Resources */ = {isa = PBXBuildFile; fileRef = 9FD018165F73443791211DD9 /* Roboto_Condensed-LightItalic.ttf */; };
		C140A58B4F344EC79AB6F9A5 /* Roboto_Condensed-Medium.ttf in Resources */ = {isa = PBXBuildFile; fileRef = 8EC7B03A7EDA4054A04C0835 /* Roboto_Condensed-Medium.ttf */; };
		CC0AA1F2AFBD48D792ECCF95 /* Roboto_Condensed-MediumItalic.ttf in Resources */ = {isa = PBXBuildFile; fileRef = B8AD88B9FFA24E9DBBD4D4D2 /* Roboto_Condensed-MediumItalic.ttf */; };
		4B8E6D871C5C4EEFB082F695 /* Roboto_Condensed-Regular.ttf in Resources */ = {isa = PBXBuildFile; fileRef = 918FF991FD1A44D7A7A36DA2 /* Roboto_Condensed-Regular.ttf */; };
		6584FA91C79C410FAFC6261C /* Roboto_Condensed-SemiBold.ttf in Resources */ = {isa = PBXBuildFile; fileRef = 2DAC240BAA7740C1A8B6572E /* Roboto_Condensed-SemiBold.ttf */; };
		E084DAB63FB840EEB53009AC /* Roboto_Condensed-SemiBoldItalic.ttf in Resources */ = {isa = PBXBuildFile; fileRef = FEDDBAFB379C4E1C82FA9040 /* Roboto_Condensed-SemiBoldItalic.ttf */; };
		753E34064AAF481391D13A5D /* Roboto_Condensed-Thin.ttf in Resources */ = {isa = PBXBuildFile; fileRef = 63F5D4411DE9465BB3F0BD08 /* Roboto_Condensed-Thin.ttf */; };
		93A0007D61744D599F139CAD /* Roboto_Condensed-ThinItalic.ttf in Resources */ = {isa = PBXBuildFile; fileRef = BD70943D685B41AE9C49EFE6 /* Roboto_Condensed-ThinItalic.ttf */; };
		2DA4BE6072AD40308159DC8E /* Roboto_SemiCondensed-Black.ttf in Resources */ = {isa = PBXBuildFile; fileRef = E72A75B8603D482D807E5BDD /* Roboto_SemiCondensed-Black.ttf */; };
		B0BC690CB2294B319C5103B7 /* Roboto_SemiCondensed-BlackItalic.ttf in Resources */ = {isa = PBXBuildFile; fileRef = 58355421C07142F3B41038E1 /* Roboto_SemiCondensed-BlackItalic.ttf */; };
		28F7A086A4464EF6B52DE045 /* Roboto_SemiCondensed-Bold.ttf in Resources */ = {isa = PBXBuildFile; fileRef = CD53B069AF7F4B74A8A43D04 /* Roboto_SemiCondensed-Bold.ttf */; };
		57BB059188324463982D65E7 /* Roboto_SemiCondensed-BoldItalic.ttf in Resources */ = {isa = PBXBuildFile; fileRef = B8391E12CA24423482ECB657 /* Roboto_SemiCondensed-BoldItalic.ttf */; };
		A5DEA1D281014DB7B41F8DC1 /* Roboto_SemiCondensed-ExtraBold.ttf in Resources */ = {isa = PBXBuildFile; fileRef = 4EF16A86C62C47D68C3D8201 /* Roboto_SemiCondensed-ExtraBold.ttf */; };
		436B8937C79745F1941DD520 /* Roboto_SemiCondensed-ExtraBoldItalic.ttf in Resources */ = {isa = PBXBuildFile; fileRef = 6471FE603F484FF09AD910A8 /* Roboto_SemiCondensed-ExtraBoldItalic.ttf */; };
		9039B886186C4EE38E2E6E7B /* Roboto_SemiCondensed-ExtraLight.ttf in Resources */ = {isa = PBXBuildFile; fileRef = 92FE250D942A46E7AB8865DF /* Roboto_SemiCondensed-ExtraLight.ttf */; };
		AA529005BDC543D98A48F5F9 /* Roboto_SemiCondensed-ExtraLightItalic.ttf in Resources */ = {isa = PBXBuildFile; fileRef = E0E88A03C656490B88C9FCEB /* Roboto_SemiCondensed-ExtraLightItalic.ttf */; };
		2881F92E73A2443A962EE495 /* Roboto_SemiCondensed-Italic.ttf in Resources */ = {isa = PBXBuildFile; fileRef = 00CB404045F94CBF841D8159 /* Roboto_SemiCondensed-Italic.ttf */; };
		1C67E292B50C420BA96C2ED7 /* Roboto_SemiCondensed-Light.ttf in Resources */ = {isa = PBXBuildFile; fileRef = 2D4B051F15984010887DE9E5 /* Roboto_SemiCondensed-Light.ttf */; };
		9DD37314B4A24A3785F9EE86 /* Roboto_SemiCondensed-LightItalic.ttf in Resources */ = {isa = PBXBuildFile; fileRef = C30A975A48B0481199712DE8 /* Roboto_SemiCondensed-LightItalic.ttf */; };
		E50793277E404729B150CF7E /* Roboto_SemiCondensed-Medium.ttf in Resources */ = {isa = PBXBuildFile; fileRef = 15778C23A103407B92D1B978 /* Roboto_SemiCondensed-Medium.ttf */; };
		6C1EDE5169A143D58CB90B52 /* Roboto_SemiCondensed-MediumItalic.ttf in Resources */ = {isa = PBXBuildFile; fileRef = EC29666DCFE9418D86FFF074 /* Roboto_SemiCondensed-MediumItalic.ttf */; };
		2A8631913EF74442AF7192DE /* Roboto_SemiCondensed-Regular.ttf in Resources */ = {isa = PBXBuildFile; fileRef = 369F534B5F2245D3B80E8A0E /* Roboto_SemiCondensed-Regular.ttf */; };
		40117FCB8D4846BD88386E6D /* Roboto_SemiCondensed-SemiBold.ttf in Resources */ = {isa = PBXBuildFile; fileRef = B5E5A526786448F8957E6530 /* Roboto_SemiCondensed-SemiBold.ttf */; };
		2907AD46C67C4C51B544159A /* Roboto_SemiCondensed-SemiBoldItalic.ttf in Resources */ = {isa = PBXBuildFile; fileRef = F98689D69CE34DB5BF147C90 /* Roboto_SemiCondensed-SemiBoldItalic.ttf */; };
		C5D10C8D07EA4C1EB2BCD0CE /* Roboto_SemiCondensed-Thin.ttf in Resources */ = {isa = PBXBuildFile; fileRef = 9A9614300AD0486BB96A4680 /* Roboto_SemiCondensed-Thin.ttf */; };
		90A91C6835E54D1D8D58CDA4 /* Roboto_SemiCondensed-ThinItalic.ttf in Resources */ = {isa = PBXBuildFile; fileRef = AC13E74872BB44A582C81D83 /* Roboto_SemiCondensed-ThinItalic.ttf */; };
/* End PBXBuildFile section */

/* Begin PBXContainerItemProxy section */
		00E356F41AD99517003FC87E /* PBXContainerItemProxy */ = {
			isa = PBXContainerItemProxy;
			containerPortal = 83CBB9F71A601CBA00E9B192 /* Project object */;
			proxyType = 1;
			remoteGlobalIDString = 13B07F861A680F5B00A75B9A;
			remoteInfo = lawpair;
		};
/* End PBXContainerItemProxy section */

/* Begin PBXFileReference section */
		00E356EE1AD99517003FC87E /* lawpairTests.xctest */ = {isa = PBXFileReference; explicitFileType = wrapper.cfbundle; includeInIndex = 0; path = lawpairTests.xctest; sourceTree = BUILT_PRODUCTS_DIR; };
		00E356F11AD99517003FC87E /* Info.plist */ = {isa = PBXFileReference; lastKnownFileType = text.plist.xml; path = Info.plist; sourceTree = "<group>"; };
		00E356F21AD99517003FC87E /* lawpairTests.m */ = {isa = PBXFileReference; lastKnownFileType = sourcecode.c.objc; path = lawpairTests.m; sourceTree = "<group>"; };
		13B07F961A680F5B00A75B9A /* lawpair.app */ = {isa = PBXFileReference; explicitFileType = wrapper.application; includeInIndex = 0; path = lawpair.app; sourceTree = BUILT_PRODUCTS_DIR; };
		13B07FAF1A68108700A75B9A /* AppDelegate.h */ = {isa = PBXFileReference; fileEncoding = 4; lastKnownFileType = sourcecode.c.h; name = AppDelegate.h; path = lawpair/AppDelegate.h; sourceTree = "<group>"; };
		13B07FB01A68108700A75B9A /* AppDelegate.mm */ = {isa = PBXFileReference; fileEncoding = 4; lastKnownFileType = sourcecode.cpp.objcpp; name = AppDelegate.mm; path = lawpair/AppDelegate.mm; sourceTree = "<group>"; };
		13B07FB51A68108700A75B9A /* Images.xcassets */ = {isa = PBXFileReference; lastKnownFileType = folder.assetcatalog; name = Images.xcassets; path = lawpair/Images.xcassets; sourceTree = "<group>"; };
		13B07FB61A68108700A75B9A /* Info.plist */ = {isa = PBXFileReference; fileEncoding = 4; lastKnownFileType = text.plist.xml; name = Info.plist; path = lawpair/Info.plist; sourceTree = "<group>"; };
		13B07FB71A68108700A75B9A /* main.m */ = {isa = PBXFileReference; fileEncoding = 4; lastKnownFileType = sourcecode.c.objc; name = main.m; path = lawpair/main.m; sourceTree = "<group>"; };
		13B07FB81A68108700A75B9A /* PrivacyInfo.xcprivacy */ = {isa = PBXFileReference; fileEncoding = 4; lastKnownFileType = text.plist.xml; name = PrivacyInfo.xcprivacy; path = lawpair/PrivacyInfo.xcprivacy; sourceTree = "<group>"; };
		19F6CBCC0A4E27FBF8BF4A61 /* libPods-lawpair-lawpairTests.a */ = {isa = PBXFileReference; explicitFileType = archive.ar; includeInIndex = 0; path = "libPods-lawpair-lawpairTests.a"; sourceTree = BUILT_PRODUCTS_DIR; };
		3B4392A12AC88292D35C810B /* Pods-lawpair.debug.xcconfig */ = {isa = PBXFileReference; includeInIndex = 1; lastKnownFileType = text.xcconfig; name = "Pods-lawpair.debug.xcconfig"; path = "Target Support Files/Pods-lawpair/Pods-lawpair.debug.xcconfig"; sourceTree = "<group>"; };
		5709B34CF0A7D63546082F79 /* Pods-lawpair.release.xcconfig */ = {isa = PBXFileReference; includeInIndex = 1; lastKnownFileType = text.xcconfig; name = "Pods-lawpair.release.xcconfig"; path = "Target Support Files/Pods-lawpair/Pods-lawpair.release.xcconfig"; sourceTree = "<group>"; };
		5B7EB9410499542E8C5724F5 /* Pods-lawpair-lawpairTests.debug.xcconfig */ = {isa = PBXFileReference; includeInIndex = 1; lastKnownFileType = text.xcconfig; name = "Pods-lawpair-lawpairTests.debug.xcconfig"; path = "Target Support Files/Pods-lawpair-lawpairTests/Pods-lawpair-lawpairTests.debug.xcconfig"; sourceTree = "<group>"; };
		5DCACB8F33CDC322A6C60F78 /* libPods-lawpair.a */ = {isa = PBXFileReference; explicitFileType = archive.ar; includeInIndex = 0; path = "libPods-lawpair.a"; sourceTree = BUILT_PRODUCTS_DIR; };
		81AB9BB72411601600AC10FF /* LaunchScreen.storyboard */ = {isa = PBXFileReference; fileEncoding = 4; lastKnownFileType = file.storyboard; name = LaunchScreen.storyboard; path = lawpair/LaunchScreen.storyboard; sourceTree = "<group>"; };
		89C6BE57DB24E9ADA2F236DE /* Pods-lawpair-lawpairTests.release.xcconfig */ = {isa = PBXFileReference; includeInIndex = 1; lastKnownFileType = text.xcconfig; name = "Pods-lawpair-lawpairTests.release.xcconfig"; path = "Target Support Files/Pods-lawpair-lawpairTests/Pods-lawpair-lawpairTests.release.xcconfig"; sourceTree = "<group>"; };
		ED297162215061F000B7C4FE /* JavaScriptCore.framework */ = {isa = PBXFileReference; lastKnownFileType = wrapper.framework; name = JavaScriptCore.framework; path = System/Library/Frameworks/JavaScriptCore.framework; sourceTree = SDKROOT; };
		B9C6A6A29E7F4679A321AEF7 /* Roboto-Black.ttf */ = {isa = PBXFileReference; name = "Roboto-Black.ttf"; path = "../src/assets/fonts/Roboto-Black.ttf"; sourceTree = "<group>"; fileEncoding = undefined; lastKnownFileType = unknown; explicitFileType = undefined; includeInIndex = 0; };
		4E1664F644BB40D491BFADAB /* Roboto-BlackItalic.ttf */ = {isa = PBXFileReference; name = "Roboto-BlackItalic.ttf"; path = "../src/assets/fonts/Roboto-BlackItalic.ttf"; sourceTree = "<group>"; fileEncoding = undefined; lastKnownFileType = unknown; explicitFileType = undefined; includeInIndex = 0; };
		8233A2438B21459D9CF960BA /* Roboto-Bold.ttf */ = {isa = PBXFileReference; name = "Roboto-Bold.ttf"; path = "../src/assets/fonts/Roboto-Bold.ttf"; sourceTree = "<group>"; fileEncoding = undefined; lastKnownFileType = unknown; explicitFileType = undefined; includeInIndex = 0; };
		7B1AE62B2E7342E0831C63EE /* Roboto-BoldItalic.ttf */ = {isa = PBXFileReference; name = "Roboto-BoldItalic.ttf"; path = "../src/assets/fonts/Roboto-BoldItalic.ttf"; sourceTree = "<group>"; fileEncoding = undefined; lastKnownFileType = unknown; explicitFileType = undefined; includeInIndex = 0; };
		50E13C5321B14AECA1AA73D9 /* Roboto-ExtraBold.ttf */ = {isa = PBXFileReference; name = "Roboto-ExtraBold.ttf"; path = "../src/assets/fonts/Roboto-ExtraBold.ttf"; sourceTree = "<group>"; fileEncoding = undefined; lastKnownFileType = unknown; explicitFileType = undefined; includeInIndex = 0; };
		9ED557F176BA4F71AE0EE1A1 /* Roboto-ExtraBoldItalic.ttf */ = {isa = PBXFileReference; name = "Roboto-ExtraBoldItalic.ttf"; path = "../src/assets/fonts/Roboto-ExtraBoldItalic.ttf"; sourceTree = "<group>"; fileEncoding = undefined; lastKnownFileType = unknown; explicitFileType = undefined; includeInIndex = 0; };
		0B4CEB958EF64BD4BDAEBBAC /* Roboto-ExtraLight.ttf */ = {isa = PBXFileReference; name = "Roboto-ExtraLight.ttf"; path = "../src/assets/fonts/Roboto-ExtraLight.ttf"; sourceTree = "<group>"; fileEncoding = undefined; lastKnownFileType = unknown; explicitFileType = undefined; includeInIndex = 0; };
		3A7E3C5F649D4ABBA973BAF5 /* Roboto-ExtraLightItalic.ttf */ = {isa = PBXFileReference; name = "Roboto-ExtraLightItalic.ttf"; path = "../src/assets/fonts/Roboto-ExtraLightItalic.ttf"; sourceTree = "<group>"; fileEncoding = undefined; lastKnownFileType = unknown; explicitFileType = undefined; includeInIndex = 0; };
		2A2F91F2F8EC4C1CBA62540C /* Roboto-Italic.ttf */ = {isa = PBXFileReference; name = "Roboto-Italic.ttf"; path = "../src/assets/fonts/Roboto-Italic.ttf"; sourceTree = "<group>"; fileEncoding = undefined; lastKnownFileType = unknown; explicitFileType = undefined; includeInIndex = 0; };
		CCAC5CD3B31745E195388863 /* Roboto-Light.ttf */ = {isa = PBXFileReference; name = "Roboto-Light.ttf"; path = "../src/assets/fonts/Roboto-Light.ttf"; sourceTree = "<group>"; fileEncoding = undefined; lastKnownFileType = unknown; explicitFileType = undefined; includeInIndex = 0; };
		3AC6846BBD4D416E8EBD24E3 /* Roboto-LightItalic.ttf */ = {isa = PBXFileReference; name = "Roboto-LightItalic.ttf"; path = "../src/assets/fonts/Roboto-LightItalic.ttf"; sourceTree = "<group>"; fileEncoding = undefined; lastKnownFileType = unknown; explicitFileType = undefined; includeInIndex = 0; };
		F6CEA2CA0143462E8EA9AFB9 /* Roboto-Medium.ttf */ = {isa = PBXFileReference; name = "Roboto-Medium.ttf"; path = "../src/assets/fonts/Roboto-Medium.ttf"; sourceTree = "<group>"; fileEncoding = undefined; lastKnownFileType = unknown; explicitFileType = undefined; includeInIndex = 0; };
		ABA475DEEAC3447F99CF3CB5 /* Roboto-MediumItalic.ttf */ = {isa = PBXFileReference; name = "Roboto-MediumItalic.ttf"; path = "../src/assets/fonts/Roboto-MediumItalic.ttf"; sourceTree = "<group>"; fileEncoding = undefined; lastKnownFileType = unknown; explicitFileType = undefined; includeInIndex = 0; };
		7687DFB612344467AA6F68E2 /* Roboto-Regular.ttf */ = {isa = PBXFileReference; name = "Roboto-Regular.ttf"; path = "../src/assets/fonts/Roboto-Regular.ttf"; sourceTree = "<group>"; fileEncoding = undefined; lastKnownFileType = unknown; explicitFileType = undefined; includeInIndex = 0; };
		C8C51A495CF24E1892C89E17 /* Roboto-SemiBold.ttf */ = {isa = PBXFileReference; name = "Roboto-SemiBold.ttf"; path = "../src/assets/fonts/Roboto-SemiBold.ttf"; sourceTree = "<group>"; fileEncoding = undefined; lastKnownFileType = unknown; explicitFileType = undefined; includeInIndex = 0; };
		34D69AF6AA824248AE17EF1F /* Roboto-SemiBoldItalic.ttf */ = {isa = PBXFileReference; name = "Roboto-SemiBoldItalic.ttf"; path = "../src/assets/fonts/Roboto-SemiBoldItalic.ttf"; sourceTree = "<group>"; fileEncoding = undefined; lastKnownFileType = unknown; explicitFileType = undefined; includeInIndex = 0; };
		592C1223F9BA4C8A8E98FE5D /* Roboto-Thin.ttf */ = {isa = PBXFileReference; name = "Roboto-Thin.ttf"; path = "../src/assets/fonts/Roboto-Thin.ttf"; sourceTree = "<group>"; fileEncoding = undefined; lastKnownFileType = unknown; explicitFileType = undefined; includeInIndex = 0; };
		31E68BE7DC0F477DB52ABFFF /* Roboto-ThinItalic.ttf */ = {isa = PBXFileReference; name = "Roboto-ThinItalic.ttf"; path = "../src/assets/fonts/Roboto-ThinItalic.ttf"; sourceTree = "<group>"; fileEncoding = undefined; lastKnownFileType = unknown; explicitFileType = undefined; includeInIndex = 0; };
		B48D6C8FCE8F4236B2BA5530 /* Roboto_Condensed-Black.ttf */ = {isa = PBXFileReference; name = "Roboto_Condensed-Black.ttf"; path = "../src/assets/fonts/Roboto_Condensed-Black.ttf"; sourceTree = "<group>"; fileEncoding = undefined; lastKnownFileType = unknown; explicitFileType = undefined; includeInIndex = 0; };
		8B7679CFB1824B9090B978EA /* Roboto_Condensed-BlackItalic.ttf */ = {isa = PBXFileReference; name = "Roboto_Condensed-BlackItalic.ttf"; path = "../src/assets/fonts/Roboto_Condensed-BlackItalic.ttf"; sourceTree = "<group>"; fileEncoding = undefined; lastKnownFileType = unknown; explicitFileType = undefined; includeInIndex = 0; };
		9799450DD4D54F2F87A0C27E /* Roboto_Condensed-Bold.ttf */ = {isa = PBXFileReference; name = "Roboto_Condensed-Bold.ttf"; path = "../src/assets/fonts/Roboto_Condensed-Bold.ttf"; sourceTree = "<group>"; fileEncoding = undefined; lastKnownFileType = unknown; explicitFileType = undefined; includeInIndex = 0; };
		26EA62424A134511832D3367 /* Roboto_Condensed-BoldItalic.ttf */ = {isa = PBXFileReference; name = "Roboto_Condensed-BoldItalic.ttf"; path = "../src/assets/fonts/Roboto_Condensed-BoldItalic.ttf"; sourceTree = "<group>"; fileEncoding = undefined; lastKnownFileType = unknown; explicitFileType = undefined; includeInIndex = 0; };
		46423DCE70E4418D8F57FD5D /* Roboto_Condensed-ExtraBold.ttf */ = {isa = PBXFileReference; name = "Roboto_Condensed-ExtraBold.ttf"; path = "../src/assets/fonts/Roboto_Condensed-ExtraBold.ttf"; sourceTree = "<group>"; fileEncoding = undefined; lastKnownFileType = unknown; explicitFileType = undefined; includeInIndex = 0; };
		022A323645714D12B81D6453 /* Roboto_Condensed-ExtraBoldItalic.ttf */ = {isa = PBXFileReference; name = "Roboto_Condensed-ExtraBoldItalic.ttf"; path = "../src/assets/fonts/Roboto_Condensed-ExtraBoldItalic.ttf"; sourceTree = "<group>"; fileEncoding = undefined; lastKnownFileType = unknown; explicitFileType = undefined; includeInIndex = 0; };
		E30360548551439996AC886C /* Roboto_Condensed-ExtraLight.ttf */ = {isa = PBXFileReference; name = "Roboto_Condensed-ExtraLight.ttf"; path = "../src/assets/fonts/Roboto_Condensed-ExtraLight.ttf"; sourceTree = "<group>"; fileEncoding = undefined; lastKnownFileType = unknown; explicitFileType = undefined; includeInIndex = 0; };
		8881D5F34E154A21AEE66845 /* Roboto_Condensed-ExtraLightItalic.ttf */ = {isa = PBXFileReference; name = "Roboto_Condensed-ExtraLightItalic.ttf"; path = "../src/assets/fonts/Roboto_Condensed-ExtraLightItalic.ttf"; sourceTree = "<group>"; fileEncoding = undefined; lastKnownFileType = unknown; explicitFileType = undefined; includeInIndex = 0; };
		4596636BBFEA41B0B1F2AC9C /* Roboto_Condensed-Italic.ttf */ = {isa = PBXFileReference; name = "Roboto_Condensed-Italic.ttf"; path = "../src/assets/fonts/Roboto_Condensed-Italic.ttf"; sourceTree = "<group>"; fileEncoding = undefined; lastKnownFileType = unknown; explicitFileType = undefined; includeInIndex = 0; };
		D7ECAC3C66774B71B850E58C /* Roboto_Condensed-Light.ttf */ = {isa = PBXFileReference; name = "Roboto_Condensed-Light.ttf"; path = "../src/assets/fonts/Roboto_Condensed-Light.ttf"; sourceTree = "<group>"; fileEncoding = undefined; lastKnownFileType = unknown; explicitFileType = undefined; includeInIndex = 0; };
		9FD018165F73443791211DD9 /* Roboto_Condensed-LightItalic.ttf */ = {isa = PBXFileReference; name = "Roboto_Condensed-LightItalic.ttf"; path = "../src/assets/fonts/Roboto_Condensed-LightItalic.ttf"; sourceTree = "<group>"; fileEncoding = undefined; lastKnownFileType = unknown; explicitFileType = undefined; includeInIndex = 0; };
		8EC7B03A7EDA4054A04C0835 /* Roboto_Condensed-Medium.ttf */ = {isa = PBXFileReference; name = "Roboto_Condensed-Medium.ttf"; path = "../src/assets/fonts/Roboto_Condensed-Medium.ttf"; sourceTree = "<group>"; fileEncoding = undefined; lastKnownFileType = unknown; explicitFileType = undefined; includeInIndex = 0; };
		B8AD88B9FFA24E9DBBD4D4D2 /* Roboto_Condensed-MediumItalic.ttf */ = {isa = PBXFileReference; name = "Roboto_Condensed-MediumItalic.ttf"; path = "../src/assets/fonts/Roboto_Condensed-MediumItalic.ttf"; sourceTree = "<group>"; fileEncoding = undefined; lastKnownFileType = unknown; explicitFileType = undefined; includeInIndex = 0; };
		918FF991FD1A44D7A7A36DA2 /* Roboto_Condensed-Regular.ttf */ = {isa = PBXFileReference; name = "Roboto_Condensed-Regular.ttf"; path = "../src/assets/fonts/Roboto_Condensed-Regular.ttf"; sourceTree = "<group>"; fileEncoding = undefined; lastKnownFileType = unknown; explicitFileType = undefined; includeInIndex = 0; };
		2DAC240BAA7740C1A8B6572E /* Roboto_Condensed-SemiBold.ttf */ = {isa = PBXFileReference; name = "Roboto_Condensed-SemiBold.ttf"; path = "../src/assets/fonts/Roboto_Condensed-SemiBold.ttf"; sourceTree = "<group>"; fileEncoding = undefined; lastKnownFileType = unknown; explicitFileType = undefined; includeInIndex = 0; };
		FEDDBAFB379C4E1C82FA9040 /* Roboto_Condensed-SemiBoldItalic.ttf */ = {isa = PBXFileReference; name = "Roboto_Condensed-SemiBoldItalic.ttf"; path = "../src/assets/fonts/Roboto_Condensed-SemiBoldItalic.ttf"; sourceTree = "<group>"; fileEncoding = undefined; lastKnownFileType = unknown; explicitFileType = undefined; includeInIndex = 0; };
		63F5D4411DE9465BB3F0BD08 /* Roboto_Condensed-Thin.ttf */ = {isa = PBXFileReference; name = "Roboto_Condensed-Thin.ttf"; path = "../src/assets/fonts/Roboto_Condensed-Thin.ttf"; sourceTree = "<group>"; fileEncoding = undefined; lastKnownFileType = unknown; explicitFileType = undefined; includeInIndex = 0; };
		BD70943D685B41AE9C49EFE6 /* Roboto_Condensed-ThinItalic.ttf */ = {isa = PBXFileReference; name = "Roboto_Condensed-ThinItalic.ttf"; path = "../src/assets/fonts/Roboto_Condensed-ThinItalic.ttf"; sourceTree = "<group>"; fileEncoding = undefined; lastKnownFileType = unknown; explicitFileType = undefined; includeInIndex = 0; };
		E72A75B8603D482D807E5BDD /* Roboto_SemiCondensed-Black.ttf */ = {isa = PBXFileReference; name = "Roboto_SemiCondensed-Black.ttf"; path = "../src/assets/fonts/Roboto_SemiCondensed-Black.ttf"; sourceTree = "<group>"; fileEncoding = undefined; lastKnownFileType = unknown; explicitFileType = undefined; includeInIndex = 0; };
		58355421C07142F3B41038E1 /* Roboto_SemiCondensed-BlackItalic.ttf */ = {isa = PBXFileReference; name = "Roboto_SemiCondensed-BlackItalic.ttf"; path = "../src/assets/fonts/Roboto_SemiCondensed-BlackItalic.ttf"; sourceTree = "<group>"; fileEncoding = undefined; lastKnownFileType = unknown; explicitFileType = undefined; includeInIndex = 0; };
		CD53B069AF7F4B74A8A43D04 /* Roboto_SemiCondensed-Bold.ttf */ = {isa = PBXFileReference; name = "Roboto_SemiCondensed-Bold.ttf"; path = "../src/assets/fonts/Roboto_SemiCondensed-Bold.ttf"; sourceTree = "<group>"; fileEncoding = undefined; lastKnownFileType = unknown; explicitFileType = undefined; includeInIndex = 0; };
		B8391E12CA24423482ECB657 /* Roboto_SemiCondensed-BoldItalic.ttf */ = {isa = PBXFileReference; name = "Roboto_SemiCondensed-BoldItalic.ttf"; path = "../src/assets/fonts/Roboto_SemiCondensed-BoldItalic.ttf"; sourceTree = "<group>"; fileEncoding = undefined; lastKnownFileType = unknown; explicitFileType = undefined; includeInIndex = 0; };
		4EF16A86C62C47D68C3D8201 /* Roboto_SemiCondensed-ExtraBold.ttf */ = {isa = PBXFileReference; name = "Roboto_SemiCondensed-ExtraBold.ttf"; path = "../src/assets/fonts/Roboto_SemiCondensed-ExtraBold.ttf"; sourceTree = "<group>"; fileEncoding = undefined; lastKnownFileType = unknown; explicitFileType = undefined; includeInIndex = 0; };
		6471FE603F484FF09AD910A8 /* Roboto_SemiCondensed-ExtraBoldItalic.ttf */ = {isa = PBXFileReference; name = "Roboto_SemiCondensed-ExtraBoldItalic.ttf"; path = "../src/assets/fonts/Roboto_SemiCondensed-ExtraBoldItalic.ttf"; sourceTree = "<group>"; fileEncoding = undefined; lastKnownFileType = unknown; explicitFileType = undefined; includeInIndex = 0; };
		92FE250D942A46E7AB8865DF /* Roboto_SemiCondensed-ExtraLight.ttf */ = {isa = PBXFileReference; name = "Roboto_SemiCondensed-ExtraLight.ttf"; path = "../src/assets/fonts/Roboto_SemiCondensed-ExtraLight.ttf"; sourceTree = "<group>"; fileEncoding = undefined; lastKnownFileType = unknown; explicitFileType = undefined; includeInIndex = 0; };
		E0E88A03C656490B88C9FCEB /* Roboto_SemiCondensed-ExtraLightItalic.ttf */ = {isa = PBXFileReference; name = "Roboto_SemiCondensed-ExtraLightItalic.ttf"; path = "../src/assets/fonts/Roboto_SemiCondensed-ExtraLightItalic.ttf"; sourceTree = "<group>"; fileEncoding = undefined; lastKnownFileType = unknown; explicitFileType = undefined; includeInIndex = 0; };
		00CB404045F94CBF841D8159 /* Roboto_SemiCondensed-Italic.ttf */ = {isa = PBXFileReference; name = "Roboto_SemiCondensed-Italic.ttf"; path = "../src/assets/fonts/Roboto_SemiCondensed-Italic.ttf"; sourceTree = "<group>"; fileEncoding = undefined; lastKnownFileType = unknown; explicitFileType = undefined; includeInIndex = 0; };
		2D4B051F15984010887DE9E5 /* Roboto_SemiCondensed-Light.ttf */ = {isa = PBXFileReference; name = "Roboto_SemiCondensed-Light.ttf"; path = "../src/assets/fonts/Roboto_SemiCondensed-Light.ttf"; sourceTree = "<group>"; fileEncoding = undefined; lastKnownFileType = unknown; explicitFileType = undefined; includeInIndex = 0; };
		C30A975A48B0481199712DE8 /* Roboto_SemiCondensed-LightItalic.ttf */ = {isa = PBXFileReference; name = "Roboto_SemiCondensed-LightItalic.ttf"; path = "../src/assets/fonts/Roboto_SemiCondensed-LightItalic.ttf"; sourceTree = "<group>"; fileEncoding = undefined; lastKnownFileType = unknown; explicitFileType = undefined; includeInIndex = 0; };
		15778C23A103407B92D1B978 /* Roboto_SemiCondensed-Medium.ttf */ = {isa = PBXFileReference; name = "Roboto_SemiCondensed-Medium.ttf"; path = "../src/assets/fonts/Roboto_SemiCondensed-Medium.ttf"; sourceTree = "<group>"; fileEncoding = undefined; lastKnownFileType = unknown; explicitFileType = undefined; includeInIndex = 0; };
		EC29666DCFE9418D86FFF074 /* Roboto_SemiCondensed-MediumItalic.ttf */ = {isa = PBXFileReference; name = "Roboto_SemiCondensed-MediumItalic.ttf"; path = "../src/assets/fonts/Roboto_SemiCondensed-MediumItalic.ttf"; sourceTree = "<group>"; fileEncoding = undefined; lastKnownFileType = unknown; explicitFileType = undefined; includeInIndex = 0; };
		369F534B5F2245D3B80E8A0E /* Roboto_SemiCondensed-Regular.ttf */ = {isa = PBXFileReference; name = "Roboto_SemiCondensed-Regular.ttf"; path = "../src/assets/fonts/Roboto_SemiCondensed-Regular.ttf"; sourceTree = "<group>"; fileEncoding = undefined; lastKnownFileType = unknown; explicitFileType = undefined; includeInIndex = 0; };
		B5E5A526786448F8957E6530 /* Roboto_SemiCondensed-SemiBold.ttf */ = {isa = PBXFileReference; name = "Roboto_SemiCondensed-SemiBold.ttf"; path = "../src/assets/fonts/Roboto_SemiCondensed-SemiBold.ttf"; sourceTree = "<group>"; fileEncoding = undefined; lastKnownFileType = unknown; explicitFileType = undefined; includeInIndex = 0; };
		F98689D69CE34DB5BF147C90 /* Roboto_SemiCondensed-SemiBoldItalic.ttf */ = {isa = PBXFileReference; name = "Roboto_SemiCondensed-SemiBoldItalic.ttf"; path = "../src/assets/fonts/Roboto_SemiCondensed-SemiBoldItalic.ttf"; sourceTree = "<group>"; fileEncoding = undefined; lastKnownFileType = unknown; explicitFileType = undefined; includeInIndex = 0; };
		9A9614300AD0486BB96A4680 /* Roboto_SemiCondensed-Thin.ttf */ = {isa = PBXFileReference; name = "Roboto_SemiCondensed-Thin.ttf"; path = "../src/assets/fonts/Roboto_SemiCondensed-Thin.ttf"; sourceTree = "<group>"; fileEncoding = undefined; lastKnownFileType = unknown; explicitFileType = undefined; includeInIndex = 0; };
		AC13E74872BB44A582C81D83 /* Roboto_SemiCondensed-ThinItalic.ttf */ = {isa = PBXFileReference; name = "Roboto_SemiCondensed-ThinItalic.ttf"; path = "../src/assets/fonts/Roboto_SemiCondensed-ThinItalic.ttf"; sourceTree = "<group>"; fileEncoding = undefined; lastKnownFileType = unknown; explicitFileType = undefined; includeInIndex = 0; };
/* End PBXFileReference section */

/* Begin PBXFrameworksBuildPhase section */
		00E356EB1AD99517003FC87E /* Frameworks */ = {
			isa = PBXFrameworksBuildPhase;
			buildActionMask = 2147483647;
			files = (
				7699B88040F8A987B510C191 /* libPods-lawpair-lawpairTests.a in Frameworks */,
			);
			runOnlyForDeploymentPostprocessing = 0;
		};
		13B07F8C1A680F5B00A75B9A /* Frameworks */ = {
			isa = PBXFrameworksBuildPhase;
			buildActionMask = 2147483647;
			files = (
				0C80B921A6F3F58F76C31292 /* libPods-lawpair.a in Frameworks */,
			);
			runOnlyForDeploymentPostprocessing = 0;
		};
/* End PBXFrameworksBuildPhase section */

/* Begin PBXGroup section */
		00E356EF1AD99517003FC87E /* lawpairTests */ = {
			isa = PBXGroup;
			children = (
				00E356F21AD99517003FC87E /* lawpairTests.m */,
				00E356F01AD99517003FC87E /* Supporting Files */,
			);
			path = lawpairTests;
			sourceTree = "<group>";
		};
		00E356F01AD99517003FC87E /* Supporting Files */ = {
			isa = PBXGroup;
			children = (
				00E356F11AD99517003FC87E /* Info.plist */,
			);
			name = "Supporting Files";
			sourceTree = "<group>";
		};
		13B07FAE1A68108700A75B9A /* lawpair */ = {
			isa = PBXGroup;
			children = (
				13B07FAF1A68108700A75B9A /* AppDelegate.h */,
				13B07FB01A68108700A75B9A /* AppDelegate.mm */,
				13B07FB51A68108700A75B9A /* Images.xcassets */,
				13B07FB61A68108700A75B9A /* Info.plist */,
				81AB9BB72411601600AC10FF /* LaunchScreen.storyboard */,
				13B07FB71A68108700A75B9A /* main.m */,
				13B07FB81A68108700A75B9A /* PrivacyInfo.xcprivacy */,
			);
			name = lawpair;
			sourceTree = "<group>";
		};
		2D16E6871FA4F8E400B85C8A /* Frameworks */ = {
			isa = PBXGroup;
			children = (
				ED297162215061F000B7C4FE /* JavaScriptCore.framework */,
				5DCACB8F33CDC322A6C60F78 /* libPods-lawpair.a */,
				19F6CBCC0A4E27FBF8BF4A61 /* libPods-lawpair-lawpairTests.a */,
			);
			name = Frameworks;
			sourceTree = "<group>";
		};
		832341AE1AAA6A7D00B99B32 /* Libraries */ = {
			isa = PBXGroup;
			children = (
			);
			name = Libraries;
			sourceTree = "<group>";
		};
		83CBB9F61A601CBA00E9B192 = {
			isa = PBXGroup;
			children = (
				13B07FAE1A68108700A75B9A /* lawpair */,
				832341AE1AAA6A7D00B99B32 /* Libraries */,
				00E356EF1AD99517003FC87E /* lawpairTests */,
				83CBBA001A601CBA00E9B192 /* Products */,
				2D16E6871FA4F8E400B85C8A /* Frameworks */,
				BBD78D7AC51CEA395F1C20DB /* Pods */,
				6EBC6B998047464597EF6760 /* Resources */,
			);
			indentWidth = 2;
			sourceTree = "<group>";
			tabWidth = 2;
			usesTabs = 0;
		};
		83CBBA001A601CBA00E9B192 /* Products */ = {
			isa = PBXGroup;
			children = (
				13B07F961A680F5B00A75B9A /* lawpair.app */,
				00E356EE1AD99517003FC87E /* lawpairTests.xctest */,
			);
			name = Products;
			sourceTree = "<group>";
		};
		BBD78D7AC51CEA395F1C20DB /* Pods */ = {
			isa = PBXGroup;
			children = (
				3B4392A12AC88292D35C810B /* Pods-lawpair.debug.xcconfig */,
				5709B34CF0A7D63546082F79 /* Pods-lawpair.release.xcconfig */,
				5B7EB9410499542E8C5724F5 /* Pods-lawpair-lawpairTests.debug.xcconfig */,
				89C6BE57DB24E9ADA2F236DE /* Pods-lawpair-lawpairTests.release.xcconfig */,
			);
			path = Pods;
			sourceTree = "<group>";
		};
		6EBC6B998047464597EF6760 /* Resources */ = {
			isa = "PBXGroup";
			children = (
				B9C6A6A29E7F4679A321AEF7 /* Roboto-Black.ttf */,
				4E1664F644BB40D491BFADAB /* Roboto-BlackItalic.ttf */,
				8233A2438B21459D9CF960BA /* Roboto-Bold.ttf */,
				7B1AE62B2E7342E0831C63EE /* Roboto-BoldItalic.ttf */,
				50E13C5321B14AECA1AA73D9 /* Roboto-ExtraBold.ttf */,
				9ED557F176BA4F71AE0EE1A1 /* Roboto-ExtraBoldItalic.ttf */,
				0B4CEB958EF64BD4BDAEBBAC /* Roboto-ExtraLight.ttf */,
				3A7E3C5F649D4ABBA973BAF5 /* Roboto-ExtraLightItalic.ttf */,
				2A2F91F2F8EC4C1CBA62540C /* Roboto-Italic.ttf */,
				CCAC5CD3B31745E195388863 /* Roboto-Light.ttf */,
				3AC6846BBD4D416E8EBD24E3 /* Roboto-LightItalic.ttf */,
				F6CEA2CA0143462E8EA9AFB9 /* Roboto-Medium.ttf */,
				ABA475DEEAC3447F99CF3CB5 /* Roboto-MediumItalic.ttf */,
				7687DFB612344467AA6F68E2 /* Roboto-Regular.ttf */,
				C8C51A495CF24E1892C89E17 /* Roboto-SemiBold.ttf */,
				34D69AF6AA824248AE17EF1F /* Roboto-SemiBoldItalic.ttf */,
				592C1223F9BA4C8A8E98FE5D /* Roboto-Thin.ttf */,
				31E68BE7DC0F477DB52ABFFF /* Roboto-ThinItalic.ttf */,
				B48D6C8FCE8F4236B2BA5530 /* Roboto_Condensed-Black.ttf */,
				8B7679CFB1824B9090B978EA /* Roboto_Condensed-BlackItalic.ttf */,
				9799450DD4D54F2F87A0C27E /* Roboto_Condensed-Bold.ttf */,
				26EA62424A134511832D3367 /* Roboto_Condensed-BoldItalic.ttf */,
				46423DCE70E4418D8F57FD5D /* Roboto_Condensed-ExtraBold.ttf */,
				022A323645714D12B81D6453 /* Roboto_Condensed-ExtraBoldItalic.ttf */,
				E30360548551439996AC886C /* Roboto_Condensed-ExtraLight.ttf */,
				8881D5F34E154A21AEE66845 /* Roboto_Condensed-ExtraLightItalic.ttf */,
				4596636BBFEA41B0B1F2AC9C /* Roboto_Condensed-Italic.ttf */,
				D7ECAC3C66774B71B850E58C /* Roboto_Condensed-Light.ttf */,
				9FD018165F73443791211DD9 /* Roboto_Condensed-LightItalic.ttf */,
				8EC7B03A7EDA4054A04C0835 /* Roboto_Condensed-Medium.ttf */,
				B8AD88B9FFA24E9DBBD4D4D2 /* Roboto_Condensed-MediumItalic.ttf */,
				918FF991FD1A44D7A7A36DA2 /* Roboto_Condensed-Regular.ttf */,
				2DAC240BAA7740C1A8B6572E /* Roboto_Condensed-SemiBold.ttf */,
				FEDDBAFB379C4E1C82FA9040 /* Roboto_Condensed-SemiBoldItalic.ttf */,
				63F5D4411DE9465BB3F0BD08 /* Roboto_Condensed-Thin.ttf */,
				BD70943D685B41AE9C49EFE6 /* Roboto_Condensed-ThinItalic.ttf */,
				E72A75B8603D482D807E5BDD /* Roboto_SemiCondensed-Black.ttf */,
				58355421C07142F3B41038E1 /* Roboto_SemiCondensed-BlackItalic.ttf */,
				CD53B069AF7F4B74A8A43D04 /* Roboto_SemiCondensed-Bold.ttf */,
				B8391E12CA24423482ECB657 /* Roboto_SemiCondensed-BoldItalic.ttf */,
				4EF16A86C62C47D68C3D8201 /* Roboto_SemiCondensed-ExtraBold.ttf */,
				6471FE603F484FF09AD910A8 /* Roboto_SemiCondensed-ExtraBoldItalic.ttf */,
				92FE250D942A46E7AB8865DF /* Roboto_SemiCondensed-ExtraLight.ttf */,
				E0E88A03C656490B88C9FCEB /* Roboto_SemiCondensed-ExtraLightItalic.ttf */,
				00CB404045F94CBF841D8159 /* Roboto_SemiCondensed-Italic.ttf */,
				2D4B051F15984010887DE9E5 /* Roboto_SemiCondensed-Light.ttf */,
				C30A975A48B0481199712DE8 /* Roboto_SemiCondensed-LightItalic.ttf */,
				15778C23A103407B92D1B978 /* Roboto_SemiCondensed-Medium.ttf */,
				EC29666DCFE9418D86FFF074 /* Roboto_SemiCondensed-MediumItalic.ttf */,
				369F534B5F2245D3B80E8A0E /* Roboto_SemiCondensed-Regular.ttf */,
				B5E5A526786448F8957E6530 /* Roboto_SemiCondensed-SemiBold.ttf */,
				F98689D69CE34DB5BF147C90 /* Roboto_SemiCondensed-SemiBoldItalic.ttf */,
				9A9614300AD0486BB96A4680 /* Roboto_SemiCondensed-Thin.ttf */,
				AC13E74872BB44A582C81D83 /* Roboto_SemiCondensed-ThinItalic.ttf */,
			);
			name = Resources;
			sourceTree = "<group>";
			path = "";
		};
/* End PBXGroup section */

/* Begin PBXNativeTarget section */
		00E356ED1AD99517003FC87E /* lawpairTests */ = {
			isa = PBXNativeTarget;
			buildConfigurationList = 00E357021AD99517003FC87E /* Build configuration list for PBXNativeTarget "lawpairTests" */;
			buildPhases = (
				A55EABD7B0C7F3A422A6CC61 /* [CP] Check Pods Manifest.lock */,
				00E356EA1AD99517003FC87E /* Sources */,
				00E356EB1AD99517003FC87E /* Frameworks */,
				00E356EC1AD99517003FC87E /* Resources */,
				C59DA0FBD6956966B86A3779 /* [CP] Embed Pods Frameworks */,
				F6A41C54EA430FDDC6A6ED99 /* [CP] Copy Pods Resources */,
			);
			buildRules = (
			);
			dependencies = (
				00E356F51AD99517003FC87E /* PBXTargetDependency */,
			);
			name = lawpairTests;
			productName = lawpairTests;
			productReference = 00E356EE1AD99517003FC87E /* lawpairTests.xctest */;
			productType = "com.apple.product-type.bundle.unit-test";
		};
		13B07F861A680F5B00A75B9A /* lawpair */ = {
			isa = PBXNativeTarget;
			buildConfigurationList = 13B07F931A680F5B00A75B9A /* Build configuration list for PBXNativeTarget "lawpair" */;
			buildPhases = (
				C38B50BA6285516D6DCD4F65 /* [CP] Check Pods Manifest.lock */,
				13B07F871A680F5B00A75B9A /* Sources */,
				13B07F8C1A680F5B00A75B9A /* Frameworks */,
				13B07F8E1A680F5B00A75B9A /* Resources */,
				00DD1BFF1BD5951E006B06BC /* Bundle React Native code and images */,
				00EEFC60759A1932668264C0 /* [CP] Embed Pods Frameworks */,
				E235C05ADACE081382539298 /* [CP] Copy Pods Resources */,
			);
			buildRules = (
			);
			dependencies = (
			);
			name = lawpair;
			productName = lawpair;
			productReference = 13B07F961A680F5B00A75B9A /* lawpair.app */;
			productType = "com.apple.product-type.application";
		};
/* End PBXNativeTarget section */

/* Begin PBXProject section */
		83CBB9F71A601CBA00E9B192 /* Project object */ = {
			isa = PBXProject;
			attributes = {
				LastUpgradeCheck = 1210;
				TargetAttributes = {
					00E356ED1AD99517003FC87E = {
						CreatedOnToolsVersion = 6.2;
						TestTargetID = 13B07F861A680F5B00A75B9A;
					};
					13B07F861A680F5B00A75B9A = {
						LastSwiftMigration = 1120;
					};
				};
			};
			buildConfigurationList = 83CBB9FA1A601CBA00E9B192 /* Build configuration list for PBXProject "lawpair" */;
			compatibilityVersion = "Xcode 12.0";
			developmentRegion = en;
			hasScannedForEncodings = 0;
			knownRegions = (
				en,
				Base,
			);
			mainGroup = 83CBB9F61A601CBA00E9B192;
			productRefGroup = 83CBBA001A601CBA00E9B192 /* Products */;
			projectDirPath = "";
			projectRoot = "";
			targets = (
				13B07F861A680F5B00A75B9A /* lawpair */,
				00E356ED1AD99517003FC87E /* lawpairTests */,
			);
		};
/* End PBXProject section */

/* Begin PBXResourcesBuildPhase section */
		00E356EC1AD99517003FC87E /* Resources */ = {
			isa = PBXResourcesBuildPhase;
			buildActionMask = 2147483647;
			files = (
			);
			runOnlyForDeploymentPostprocessing = 0;
		};
		13B07F8E1A680F5B00A75B9A /* Resources */ = {
			isa = PBXResourcesBuildPhase;
			buildActionMask = 2147483647;
			files = (
				81AB9BB82411601600AC10FF /* LaunchScreen.storyboard in Resources */,
				13B07FBF1A68108700A75B9A /* Images.xcassets in Resources */,
				480F143019094C39B9FF22A1 /* Roboto-Black.ttf in Resources */,
				EDAFABCFA1A546D6B869AFDD /* Roboto-BlackItalic.ttf in Resources */,
				93F3F9D8196B4208A40E630B /* Roboto-Bold.ttf in Resources */,
				47567E0295B849228DDBECBA /* Roboto-BoldItalic.ttf in Resources */,
				5B46BEE9B5954D7F80569B2A /* Roboto-ExtraBold.ttf in Resources */,
				849876459B0748728857A8BB /* Roboto-ExtraBoldItalic.ttf in Resources */,
				90078F9BC6AC4DB8B6A61984 /* Roboto-ExtraLight.ttf in Resources */,
				885E0507AB7E4A6F8E12DC13 /* Roboto-ExtraLightItalic.ttf in Resources */,
				627C1A8F43E640C5AB4C0DEF /* Roboto-Italic.ttf in Resources */,
				779B81CF5928467CA0DD0358 /* Roboto-Light.ttf in Resources */,
				4D07E92D29E546F1848787AA /* Roboto-LightItalic.ttf in Resources */,
				F45B8B2BBF274472A254AA6F /* Roboto-Medium.ttf in Resources */,
				0445ED577A4240848DF7AA7A /* Roboto-MediumItalic.ttf in Resources */,
				CB7A58D905484C6EA2F9C742 /* Roboto-Regular.ttf in Resources */,
				C62A3ED45DBF4B22AB839D0A /* Roboto-SemiBold.ttf in Resources */,
				89E9FA5A404149548C17EBC9 /* Roboto-SemiBoldItalic.ttf in Resources */,
				A28A3D9C43714318917C7F66 /* Roboto-Thin.ttf in Resources */,
				9D449983CF0E42C886B207B8 /* Roboto-ThinItalic.ttf in Resources */,
				81B2BE50166745029C16DFC0 /* Roboto_Condensed-Black.ttf in Resources */,
				28F017DACAC04C158A3D3F54 /* Roboto_Condensed-BlackItalic.ttf in Resources */,
				AF5E9D504099423EB27F3319 /* Roboto_Condensed-Bold.ttf in Resources */,
				801DAFA22C2F40B4A04A9959 /* Roboto_Condensed-BoldItalic.ttf in Resources */,
				63D7BB45F43A4F338AB3DD97 /* Roboto_Condensed-ExtraBold.ttf in Resources */,
				2FC790FF71CF4C70863738EF /* Roboto_Condensed-ExtraBoldItalic.ttf in Resources */,
				87E7FAD0257C49288927B6CE /* Roboto_Condensed-ExtraLight.ttf in Resources */,
				C0D9C62F68034B3194D7E8C4 /* Roboto_Condensed-ExtraLightItalic.ttf in Resources */,
				386F0F17A02E4ABFAA521A99 /* Roboto_Condensed-Italic.ttf in Resources */,
				DFD351004BA4493F8AEC1956 /* Roboto_Condensed-Light.ttf in Resources */,
				563FB2A0F3F3493EB659B3A0 /* Roboto_Condensed-LightItalic.ttf in Resources */,
				C140A58B4F344EC79AB6F9A5 /* Roboto_Condensed-Medium.ttf in Resources */,
				CC0AA1F2AFBD48D792ECCF95 /* Roboto_Condensed-MediumItalic.ttf in Resources */,
				4B8E6D871C5C4EEFB082F695 /* Roboto_Condensed-Regular.ttf in Resources */,
				6584FA91C79C410FAFC6261C /* Roboto_Condensed-SemiBold.ttf in Resources */,
				E084DAB63FB840EEB53009AC /* Roboto_Condensed-SemiBoldItalic.ttf in Resources */,
				753E34064AAF481391D13A5D /* Roboto_Condensed-Thin.ttf in Resources */,
				93A0007D61744D599F139CAD /* Roboto_Condensed-ThinItalic.ttf in Resources */,
				2DA4BE6072AD40308159DC8E /* Roboto_SemiCondensed-Black.ttf in Resources */,
				B0BC690CB2294B319C5103B7 /* Roboto_SemiCondensed-BlackItalic.ttf in Resources */,
				28F7A086A4464EF6B52DE045 /* Roboto_SemiCondensed-Bold.ttf in Resources */,
				57BB059188324463982D65E7 /* Roboto_SemiCondensed-BoldItalic.ttf in Resources */,
				A5DEA1D281014DB7B41F8DC1 /* Roboto_SemiCondensed-ExtraBold.ttf in Resources */,
				436B8937C79745F1941DD520 /* Roboto_SemiCondensed-ExtraBoldItalic.ttf in Resources */,
				9039B886186C4EE38E2E6E7B /* Roboto_SemiCondensed-ExtraLight.ttf in Resources */,
				AA529005BDC543D98A48F5F9 /* Roboto_SemiCondensed-ExtraLightItalic.ttf in Resources */,
				2881F92E73A2443A962EE495 /* Roboto_SemiCondensed-Italic.ttf in Resources */,
				1C67E292B50C420BA96C2ED7 /* Roboto_SemiCondensed-Light.ttf in Resources */,
				9DD37314B4A24A3785F9EE86 /* Roboto_SemiCondensed-LightItalic.ttf in Resources */,
				E50793277E404729B150CF7E /* Roboto_SemiCondensed-Medium.ttf in Resources */,
				6C1EDE5169A143D58CB90B52 /* Roboto_SemiCondensed-MediumItalic.ttf in Resources */,
				2A8631913EF74442AF7192DE /* Roboto_SemiCondensed-Regular.ttf in Resources */,
				40117FCB8D4846BD88386E6D /* Roboto_SemiCondensed-SemiBold.ttf in Resources */,
				2907AD46C67C4C51B544159A /* Roboto_SemiCondensed-SemiBoldItalic.ttf in Resources */,
				C5D10C8D07EA4C1EB2BCD0CE /* Roboto_SemiCondensed-Thin.ttf in Resources */,
				90A91C6835E54D1D8D58CDA4 /* Roboto_SemiCondensed-ThinItalic.ttf in Resources */,
			);
			runOnlyForDeploymentPostprocessing = 0;
		};
/* End PBXResourcesBuildPhase section */

/* Begin PBXShellScriptBuildPhase section */
		00DD1BFF1BD5951E006B06BC /* Bundle React Native code and images */ = {
			isa = PBXShellScriptBuildPhase;
			buildActionMask = 2147483647;
			files = (
			);
			inputPaths = (
				"$(SRCROOT)/.xcode.env.local",
				"$(SRCROOT)/.xcode.env",
			);
			name = "Bundle React Native code and images";
			outputPaths = (
			);
			runOnlyForDeploymentPostprocessing = 0;
			shellPath = /bin/sh;
			shellScript = "set -e\n\nWITH_ENVIRONMENT=\"$REACT_NATIVE_PATH/scripts/xcode/with-environment.sh\"\nREACT_NATIVE_XCODE=\"$REACT_NATIVE_PATH/scripts/react-native-xcode.sh\"\n\n/bin/sh -c \"$WITH_ENVIRONMENT $REACT_NATIVE_XCODE\"\n";
		};
		00EEFC60759A1932668264C0 /* [CP] Embed Pods Frameworks */ = {
			isa = PBXShellScriptBuildPhase;
			buildActionMask = 2147483647;
			files = (
			);
			inputFileListPaths = (
				"${PODS_ROOT}/Target Support Files/Pods-lawpair/Pods-lawpair-frameworks-${CONFIGURATION}-input-files.xcfilelist",
			);
			name = "[CP] Embed Pods Frameworks";
			outputFileListPaths = (
				"${PODS_ROOT}/Target Support Files/Pods-lawpair/Pods-lawpair-frameworks-${CONFIGURATION}-output-files.xcfilelist",
			);
			runOnlyForDeploymentPostprocessing = 0;
			shellPath = /bin/sh;
			shellScript = "\"${PODS_ROOT}/Target Support Files/Pods-lawpair/Pods-lawpair-frameworks.sh\"\n";
			showEnvVarsInLog = 0;
		};
		A55EABD7B0C7F3A422A6CC61 /* [CP] Check Pods Manifest.lock */ = {
			isa = PBXShellScriptBuildPhase;
			buildActionMask = 2147483647;
			files = (
			);
			inputFileListPaths = (
			);
			inputPaths = (
				"${PODS_PODFILE_DIR_PATH}/Podfile.lock",
				"${PODS_ROOT}/Manifest.lock",
			);
			name = "[CP] Check Pods Manifest.lock";
			outputFileListPaths = (
			);
			outputPaths = (
				"$(DERIVED_FILE_DIR)/Pods-lawpair-lawpairTests-checkManifestLockResult.txt",
			);
			runOnlyForDeploymentPostprocessing = 0;
			shellPath = /bin/sh;
			shellScript = "diff \"${PODS_PODFILE_DIR_PATH}/Podfile.lock\" \"${PODS_ROOT}/Manifest.lock\" > /dev/null\nif [ $? != 0 ] ; then\n    # print error to STDERR\n    echo \"error: The sandbox is not in sync with the Podfile.lock. Run 'pod install' or update your CocoaPods installation.\" >&2\n    exit 1\nfi\n# This output is used by Xcode 'outputs' to avoid re-running this script phase.\necho \"SUCCESS\" > \"${SCRIPT_OUTPUT_FILE_0}\"\n";
			showEnvVarsInLog = 0;
		};
		C38B50BA6285516D6DCD4F65 /* [CP] Check Pods Manifest.lock */ = {
			isa = PBXShellScriptBuildPhase;
			buildActionMask = 2147483647;
			files = (
			);
			inputFileListPaths = (
			);
			inputPaths = (
				"${PODS_PODFILE_DIR_PATH}/Podfile.lock",
				"${PODS_ROOT}/Manifest.lock",
			);
			name = "[CP] Check Pods Manifest.lock";
			outputFileListPaths = (
			);
			outputPaths = (
				"$(DERIVED_FILE_DIR)/Pods-lawpair-checkManifestLockResult.txt",
			);
			runOnlyForDeploymentPostprocessing = 0;
			shellPath = /bin/sh;
			shellScript = "diff \"${PODS_PODFILE_DIR_PATH}/Podfile.lock\" \"${PODS_ROOT}/Manifest.lock\" > /dev/null\nif [ $? != 0 ] ; then\n    # print error to STDERR\n    echo \"error: The sandbox is not in sync with the Podfile.lock. Run 'pod install' or update your CocoaPods installation.\" >&2\n    exit 1\nfi\n# This output is used by Xcode 'outputs' to avoid re-running this script phase.\necho \"SUCCESS\" > \"${SCRIPT_OUTPUT_FILE_0}\"\n";
			showEnvVarsInLog = 0;
		};
		C59DA0FBD6956966B86A3779 /* [CP] Embed Pods Frameworks */ = {
			isa = PBXShellScriptBuildPhase;
			buildActionMask = 2147483647;
			files = (
			);
			inputFileListPaths = (
				"${PODS_ROOT}/Target Support Files/Pods-lawpair-lawpairTests/Pods-lawpair-lawpairTests-frameworks-${CONFIGURATION}-input-files.xcfilelist",
			);
			name = "[CP] Embed Pods Frameworks";
			outputFileListPaths = (
				"${PODS_ROOT}/Target Support Files/Pods-lawpair-lawpairTests/Pods-lawpair-lawpairTests-frameworks-${CONFIGURATION}-output-files.xcfilelist",
			);
			runOnlyForDeploymentPostprocessing = 0;
			shellPath = /bin/sh;
			shellScript = "\"${PODS_ROOT}/Target Support Files/Pods-lawpair-lawpairTests/Pods-lawpair-lawpairTests-frameworks.sh\"\n";
			showEnvVarsInLog = 0;
		};
		E235C05ADACE081382539298 /* [CP] Copy Pods Resources */ = {
			isa = PBXShellScriptBuildPhase;
			buildActionMask = 2147483647;
			files = (
			);
			inputFileListPaths = (
				"${PODS_ROOT}/Target Support Files/Pods-lawpair/Pods-lawpair-resources-${CONFIGURATION}-input-files.xcfilelist",
			);
			name = "[CP] Copy Pods Resources";
			outputFileListPaths = (
				"${PODS_ROOT}/Target Support Files/Pods-lawpair/Pods-lawpair-resources-${CONFIGURATION}-output-files.xcfilelist",
			);
			runOnlyForDeploymentPostprocessing = 0;
			shellPath = /bin/sh;
			shellScript = "\"${PODS_ROOT}/Target Support Files/Pods-lawpair/Pods-lawpair-resources.sh\"\n";
			showEnvVarsInLog = 0;
		};
		F6A41C54EA430FDDC6A6ED99 /* [CP] Copy Pods Resources */ = {
			isa = PBXShellScriptBuildPhase;
			buildActionMask = 2147483647;
			files = (
			);
			inputFileListPaths = (
				"${PODS_ROOT}/Target Support Files/Pods-lawpair-lawpairTests/Pods-lawpair-lawpairTests-resources-${CONFIGURATION}-input-files.xcfilelist",
			);
			name = "[CP] Copy Pods Resources";
			outputFileListPaths = (
				"${PODS_ROOT}/Target Support Files/Pods-lawpair-lawpairTests/Pods-lawpair-lawpairTests-resources-${CONFIGURATION}-output-files.xcfilelist",
			);
			runOnlyForDeploymentPostprocessing = 0;
			shellPath = /bin/sh;
			shellScript = "\"${PODS_ROOT}/Target Support Files/Pods-lawpair-lawpairTests/Pods-lawpair-lawpairTests-resources.sh\"\n";
			showEnvVarsInLog = 0;
		};
/* End PBXShellScriptBuildPhase section */

/* Begin PBXSourcesBuildPhase section */
		00E356EA1AD99517003FC87E /* Sources */ = {
			isa = PBXSourcesBuildPhase;
			buildActionMask = 2147483647;
			files = (
				00E356F31AD99517003FC87E /* lawpairTests.m in Sources */,
			);
			runOnlyForDeploymentPostprocessing = 0;
		};
		13B07F871A680F5B00A75B9A /* Sources */ = {
			isa = PBXSourcesBuildPhase;
			buildActionMask = 2147483647;
			files = (
				13B07FBC1A68108700A75B9A /* AppDelegate.mm in Sources */,
				13B07FC11A68108700A75B9A /* main.m in Sources */,
			);
			runOnlyForDeploymentPostprocessing = 0;
		};
/* End PBXSourcesBuildPhase section */

/* Begin PBXTargetDependency section */
		00E356F51AD99517003FC87E /* PBXTargetDependency */ = {
			isa = PBXTargetDependency;
			target = 13B07F861A680F5B00A75B9A /* lawpair */;
			targetProxy = 00E356F41AD99517003FC87E /* PBXContainerItemProxy */;
		};
/* End PBXTargetDependency section */

/* Begin XCBuildConfiguration section */
		00E356F61AD99517003FC87E /* Debug */ = {
			isa = XCBuildConfiguration;
			baseConfigurationReference = 5B7EB9410499542E8C5724F5 /* Pods-lawpair-lawpairTests.debug.xcconfig */;
			buildSettings = {
				BUNDLE_LOADER = "$(TEST_HOST)";
				GCC_PREPROCESSOR_DEFINITIONS = (
					"DEBUG=1",
					"$(inherited)",
				);
				INFOPLIST_FILE = lawpairTests/Info.plist;
				IPHONEOS_DEPLOYMENT_TARGET = 13.4;
				LD_RUNPATH_SEARCH_PATHS = (
					"$(inherited)",
					"@executable_path/Frameworks",
					"@loader_path/Frameworks",
				);
				OTHER_LDFLAGS = (
					"-ObjC",
					"-lc++",
					"$(inherited)",
				);
				PRODUCT_BUNDLE_IDENTIFIER = "org.reactjs.native.example.$(PRODUCT_NAME:rfc1034identifier)";
				PRODUCT_NAME = "$(TARGET_NAME)";
				TEST_HOST = "$(BUILT_PRODUCTS_DIR)/lawpair.app/lawpair";
			};
			name = Debug;
		};
		00E356F71AD99517003FC87E /* Release */ = {
			isa = XCBuildConfiguration;
			baseConfigurationReference = 89C6BE57DB24E9ADA2F236DE /* Pods-lawpair-lawpairTests.release.xcconfig */;
			buildSettings = {
				BUNDLE_LOADER = "$(TEST_HOST)";
				COPY_PHASE_STRIP = NO;
				INFOPLIST_FILE = lawpairTests/Info.plist;
				IPHONEOS_DEPLOYMENT_TARGET = 13.4;
				LD_RUNPATH_SEARCH_PATHS = (
					"$(inherited)",
					"@executable_path/Frameworks",
					"@loader_path/Frameworks",
				);
				OTHER_LDFLAGS = (
					"-ObjC",
					"-lc++",
					"$(inherited)",
				);
				PRODUCT_BUNDLE_IDENTIFIER = "org.reactjs.native.example.$(PRODUCT_NAME:rfc1034identifier)";
				PRODUCT_NAME = "$(TARGET_NAME)";
				TEST_HOST = "$(BUILT_PRODUCTS_DIR)/lawpair.app/lawpair";
			};
			name = Release;
		};
		13B07F941A680F5B00A75B9A /* Debug */ = {
			isa = XCBuildConfiguration;
			baseConfigurationReference = 3B4392A12AC88292D35C810B /* Pods-lawpair.debug.xcconfig */;
			buildSettings = {
				ASSETCATALOG_COMPILER_APPICON_NAME = AppIcon;
				CLANG_ENABLE_MODULES = YES;
				CURRENT_PROJECT_VERSION = 1;
				ENABLE_BITCODE = NO;
				INFOPLIST_FILE = lawpair/Info.plist;
				LD_RUNPATH_SEARCH_PATHS = (
					"$(inherited)",
					"@executable_path/Frameworks",
				);
				MARKETING_VERSION = 1.0;
				OTHER_LDFLAGS = (
					"$(inherited)",
					"-ObjC",
					"-lc++",
				);
				PRODUCT_BUNDLE_IDENTIFIER = "org.reactjs.native.example.$(PRODUCT_NAME:rfc1034identifier)";
				PRODUCT_NAME = lawpair;
				SWIFT_OPTIMIZATION_LEVEL = "-Onone";
				SWIFT_VERSION = 5.0;
				VERSIONING_SYSTEM = "apple-generic";
			};
			name = Debug;
		};
		13B07F951A680F5B00A75B9A /* Release */ = {
			isa = XCBuildConfiguration;
			baseConfigurationReference = 5709B34CF0A7D63546082F79 /* Pods-lawpair.release.xcconfig */;
			buildSettings = {
				ASSETCATALOG_COMPILER_APPICON_NAME = AppIcon;
				CLANG_ENABLE_MODULES = YES;
				CURRENT_PROJECT_VERSION = 1;
				INFOPLIST_FILE = lawpair/Info.plist;
				LD_RUNPATH_SEARCH_PATHS = (
					"$(inherited)",
					"@executable_path/Frameworks",
				);
				MARKETING_VERSION = 1.0;
				OTHER_LDFLAGS = (
					"$(inherited)",
					"-ObjC",
					"-lc++",
				);
				PRODUCT_BUNDLE_IDENTIFIER = "org.reactjs.native.example.$(PRODUCT_NAME:rfc1034identifier)";
				PRODUCT_NAME = lawpair;
				SWIFT_VERSION = 5.0;
				VERSIONING_SYSTEM = "apple-generic";
			};
			name = Release;
		};
		83CBBA201A601CBA00E9B192 /* Debug */ = {
			isa = XCBuildConfiguration;
			buildSettings = {
				ALWAYS_SEARCH_USER_PATHS = NO;
				CLANG_ANALYZER_LOCALIZABILITY_NONLOCALIZED = YES;
				CLANG_CXX_LANGUAGE_STANDARD = "c++20";
				CLANG_CXX_LIBRARY = "libc++";
				CLANG_ENABLE_MODULES = YES;
				CLANG_ENABLE_OBJC_ARC = YES;
				CLANG_WARN_BLOCK_CAPTURE_AUTORELEASING = YES;
				CLANG_WARN_BOOL_CONVERSION = YES;
				CLANG_WARN_COMMA = YES;
				CLANG_WARN_CONSTANT_CONVERSION = YES;
				CLANG_WARN_DEPRECATED_OBJC_IMPLEMENTATIONS = YES;
				CLANG_WARN_DIRECT_OBJC_ISA_USAGE = YES_ERROR;
				CLANG_WARN_EMPTY_BODY = YES;
				CLANG_WARN_ENUM_CONVERSION = YES;
				CLANG_WARN_INFINITE_RECURSION = YES;
				CLANG_WARN_INT_CONVERSION = YES;
				CLANG_WARN_NON_LITERAL_NULL_CONVERSION = YES;
				CLANG_WARN_OBJC_IMPLICIT_RETAIN_SELF = YES;
				CLANG_WARN_OBJC_LITERAL_CONVERSION = YES;
				CLANG_WARN_OBJC_ROOT_CLASS = YES_ERROR;
				CLANG_WARN_QUOTED_INCLUDE_IN_FRAMEWORK_HEADER = YES;
				CLANG_WARN_RANGE_LOOP_ANALYSIS = YES;
				CLANG_WARN_STRICT_PROTOTYPES = YES;
				CLANG_WARN_SUSPICIOUS_MOVE = YES;
				CLANG_WARN_UNREACHABLE_CODE = YES;
				CLANG_WARN__DUPLICATE_METHOD_MATCH = YES;
				"CODE_SIGN_IDENTITY[sdk=iphoneos*]" = "iPhone Developer";
				COPY_PHASE_STRIP = NO;
				ENABLE_STRICT_OBJC_MSGSEND = YES;
				ENABLE_TESTABILITY = YES;
				"EXCLUDED_ARCHS[sdk=iphonesimulator*]" = "";
				GCC_C_LANGUAGE_STANDARD = gnu99;
				GCC_DYNAMIC_NO_PIC = NO;
				GCC_NO_COMMON_BLOCKS = YES;
				GCC_OPTIMIZATION_LEVEL = 0;
				GCC_PREPROCESSOR_DEFINITIONS = (
					"DEBUG=1",
					"$(inherited)",
				);
				GCC_SYMBOLS_PRIVATE_EXTERN = NO;
				GCC_WARN_64_TO_32_BIT_CONVERSION = YES;
				GCC_WARN_ABOUT_RETURN_TYPE = YES_ERROR;
				GCC_WARN_UNDECLARED_SELECTOR = YES;
				GCC_WARN_UNINITIALIZED_AUTOS = YES_AGGRESSIVE;
				GCC_WARN_UNUSED_FUNCTION = YES;
				GCC_WARN_UNUSED_VARIABLE = YES;
				IPHONEOS_DEPLOYMENT_TARGET = 13.4;
				LD_RUNPATH_SEARCH_PATHS = (
					/usr/lib/swift,
					"$(inherited)",
				);
				LIBRARY_SEARCH_PATHS = (
					"\"$(SDKROOT)/usr/lib/swift\"",
					"\"$(TOOLCHAIN_DIR)/usr/lib/swift/$(PLATFORM_NAME)\"",
					"\"$(inherited)\"",
				);
				MTL_ENABLE_DEBUG_INFO = YES;
				ONLY_ACTIVE_ARCH = YES;
				OTHER_CPLUSPLUSFLAGS = (
					"$(OTHER_CFLAGS)",
					"-DFOLLY_NO_CONFIG",
					"-DFOLLY_MOBILE=1",
					"-DFOLLY_USE_LIBCPP=1",
					"-DFOLLY_CFG_NO_COROUTINES=1",
					"-DFOLLY_HAVE_CLOCK_GETTIME=1",
				);
				SDKROOT = iphoneos;
			};
			name = Debug;
		};
		83CBBA211A601CBA00E9B192 /* Release */ = {
			isa = XCBuildConfiguration;
			buildSettings = {
				ALWAYS_SEARCH_USER_PATHS = NO;
				CLANG_ANALYZER_LOCALIZABILITY_NONLOCALIZED = YES;
				CLANG_CXX_LANGUAGE_STANDARD = "c++20";
				CLANG_CXX_LIBRARY = "libc++";
				CLANG_ENABLE_MODULES = YES;
				CLANG_ENABLE_OBJC_ARC = YES;
				CLANG_WARN_BLOCK_CAPTURE_AUTORELEASING = YES;
				CLANG_WARN_BOOL_CONVERSION = YES;
				CLANG_WARN_COMMA = YES;
				CLANG_WARN_CONSTANT_CONVERSION = YES;
				CLANG_WARN_DEPRECATED_OBJC_IMPLEMENTATIONS = YES;
				CLANG_WARN_DIRECT_OBJC_ISA_USAGE = YES_ERROR;
				CLANG_WARN_EMPTY_BODY = YES;
				CLANG_WARN_ENUM_CONVERSION = YES;
				CLANG_WARN_INFINITE_RECURSION = YES;
				CLANG_WARN_INT_CONVERSION = YES;
				CLANG_WARN_NON_LITERAL_NULL_CONVERSION = YES;
				CLANG_WARN_OBJC_IMPLICIT_RETAIN_SELF = YES;
				CLANG_WARN_OBJC_LITERAL_CONVERSION = YES;
				CLANG_WARN_OBJC_ROOT_CLASS = YES_ERROR;
				CLANG_WARN_QUOTED_INCLUDE_IN_FRAMEWORK_HEADER = YES;
				CLANG_WARN_RANGE_LOOP_ANALYSIS = YES;
				CLANG_WARN_STRICT_PROTOTYPES = YES;
				CLANG_WARN_SUSPICIOUS_MOVE = YES;
				CLANG_WARN_UNREACHABLE_CODE = YES;
				CLANG_WARN__DUPLICATE_METHOD_MATCH = YES;
				"CODE_SIGN_IDENTITY[sdk=iphoneos*]" = "iPhone Developer";
				COPY_PHASE_STRIP = YES;
				ENABLE_NS_ASSERTIONS = NO;
				ENABLE_STRICT_OBJC_MSGSEND = YES;
				"EXCLUDED_ARCHS[sdk=iphonesimulator*]" = "";
				GCC_C_LANGUAGE_STANDARD = gnu99;
				GCC_NO_COMMON_BLOCKS = YES;
				GCC_WARN_64_TO_32_BIT_CONVERSION = YES;
				GCC_WARN_ABOUT_RETURN_TYPE = YES_ERROR;
				GCC_WARN_UNDECLARED_SELECTOR = YES;
				GCC_WARN_UNINITIALIZED_AUTOS = YES_AGGRESSIVE;
				GCC_WARN_UNUSED_FUNCTION = YES;
				GCC_WARN_UNUSED_VARIABLE = YES;
				IPHONEOS_DEPLOYMENT_TARGET = 13.4;
				LD_RUNPATH_SEARCH_PATHS = (
					/usr/lib/swift,
					"$(inherited)",
				);
				LIBRARY_SEARCH_PATHS = (
					"\"$(SDKROOT)/usr/lib/swift\"",
					"\"$(TOOLCHAIN_DIR)/usr/lib/swift/$(PLATFORM_NAME)\"",
					"\"$(inherited)\"",
				);
				MTL_ENABLE_DEBUG_INFO = NO;
				OTHER_CPLUSPLUSFLAGS = (
					"$(OTHER_CFLAGS)",
					"-DFOLLY_NO_CONFIG",
					"-DFOLLY_MOBILE=1",
					"-DFOLLY_USE_LIBCPP=1",
					"-DFOLLY_CFG_NO_COROUTINES=1",
					"-DFOLLY_HAVE_CLOCK_GETTIME=1",
				);
				SDKROOT = iphoneos;
				VALIDATE_PRODUCT = YES;
			};
			name = Release;
		};
/* End XCBuildConfiguration section */

/* Begin XCConfigurationList section */
		00E357021AD99517003FC87E /* Build configuration list for PBXNativeTarget "lawpairTests" */ = {
			isa = XCConfigurationList;
			buildConfigurations = (
				00E356F61AD99517003FC87E /* Debug */,
				00E356F71AD99517003FC87E /* Release */,
			);
			defaultConfigurationIsVisible = 0;
			defaultConfigurationName = Release;
		};
		13B07F931A680F5B00A75B9A /* Build configuration list for PBXNativeTarget "lawpair" */ = {
			isa = XCConfigurationList;
			buildConfigurations = (
				13B07F941A680F5B00A75B9A /* Debug */,
				13B07F951A680F5B00A75B9A /* Release */,
			);
			defaultConfigurationIsVisible = 0;
			defaultConfigurationName = Release;
		};
		83CBB9FA1A601CBA00E9B192 /* Build configuration list for PBXProject "lawpair" */ = {
			isa = XCConfigurationList;
			buildConfigurations = (
				83CBBA201A601CBA00E9B192 /* Debug */,
				83CBBA211A601CBA00E9B192 /* Release */,
			);
			defaultConfigurationIsVisible = 0;
			defaultConfigurationName = Release;
		};
/* End XCConfigurationList section */
	};
	rootObject = 83CBB9F71A601CBA00E9B192 /* Project object */;
}
